// !$*UTF8*$!
{
	archiveVersion = 1;
	classes = {
	};
	objectVersion = 50;
	objects = {

/* Begin PBXBuildFile section */
		224BBBFC210162EA006F981D /* AppDelegate.swift in Sources */ = {isa = PBXBuildFile; fileRef = 224BBBFB210162EA006F981D /* AppDelegate.swift */; };
		224BBBFE210162EA006F981D /* ArticlesViewController.swift in Sources */ = {isa = PBXBuildFile; fileRef = 224BBBFD210162EA006F981D /* ArticlesViewController.swift */; };
		224BBC01210162EA006F981D /* Main.storyboard in Resources */ = {isa = PBXBuildFile; fileRef = 224BBBFF210162EA006F981D /* Main.storyboard */; };
		224BBC03210162EB006F981D /* Assets.xcassets in Resources */ = {isa = PBXBuildFile; fileRef = 224BBC02210162EB006F981D /* Assets.xcassets */; };
		224BBC06210162EB006F981D /* LaunchScreen.storyboard in Resources */ = {isa = PBXBuildFile; fileRef = 224BBC04210162EB006F981D /* LaunchScreen.storyboard */; };
		224BBC1321017E21006F981D /* Article.swift in Sources */ = {isa = PBXBuildFile; fileRef = 224BBC1221017E21006F981D /* Article.swift */; };
		224BBC1521017F40006F981D /* ArticlesViewModel.swift in Sources */ = {isa = PBXBuildFile; fileRef = 224BBC1421017F40006F981D /* ArticlesViewModel.swift */; };
		2296A35421018AD20022933C /* ArticleCell.swift in Sources */ = {isa = PBXBuildFile; fileRef = 2296A35321018AD20022933C /* ArticleCell.swift */; };
		47723AB4742AD45308D975C3 /* Pods_RxSwift_MVVM.framework in Frameworks */ = {isa = PBXBuildFile; fileRef = 8ADD2756F9F003C95E07ECAA /* Pods_RxSwift_MVVM.framework */; };
/* End PBXBuildFile section */

/* Begin PBXFileReference section */
		224BBBF8210162EA006F981D /* RxSwift+MVVM.app */ = {isa = PBXFileReference; explicitFileType = wrapper.application; includeInIndex = 0; path = "RxSwift+MVVM.app"; sourceTree = BUILT_PRODUCTS_DIR; };
		224BBBFB210162EA006F981D /* AppDelegate.swift */ = {isa = PBXFileReference; lastKnownFileType = sourcecode.swift; path = AppDelegate.swift; sourceTree = "<group>"; };
		224BBBFD210162EA006F981D /* ArticlesViewController.swift */ = {isa = PBXFileReference; lastKnownFileType = sourcecode.swift; path = ArticlesViewController.swift; sourceTree = "<group>"; };
		224BBC00210162EA006F981D /* Base */ = {isa = PBXFileReference; lastKnownFileType = file.storyboard; name = Base; path = Base.lproj/Main.storyboard; sourceTree = "<group>"; };
		224BBC02210162EB006F981D /* Assets.xcassets */ = {isa = PBXFileReference; lastKnownFileType = folder.assetcatalog; path = Assets.xcassets; sourceTree = "<group>"; };
		224BBC05210162EB006F981D /* Base */ = {isa = PBXFileReference; lastKnownFileType = file.storyboard; name = Base; path = Base.lproj/LaunchScreen.storyboard; sourceTree = "<group>"; };
		224BBC07210162EB006F981D /* Info.plist */ = {isa = PBXFileReference; lastKnownFileType = text.plist.xml; path = Info.plist; sourceTree = "<group>"; };
		224BBC1221017E21006F981D /* Article.swift */ = {isa = PBXFileReference; lastKnownFileType = sourcecode.swift; path = Article.swift; sourceTree = "<group>"; };
		224BBC1421017F40006F981D /* ArticlesViewModel.swift */ = {isa = PBXFileReference; lastKnownFileType = sourcecode.swift; path = ArticlesViewModel.swift; sourceTree = "<group>"; };
		2296A35321018AD20022933C /* ArticleCell.swift */ = {isa = PBXFileReference; lastKnownFileType = sourcecode.swift; path = ArticleCell.swift; sourceTree = "<group>"; };
		8ADD2756F9F003C95E07ECAA /* Pods_RxSwift_MVVM.framework */ = {isa = PBXFileReference; explicitFileType = wrapper.framework; includeInIndex = 0; path = Pods_RxSwift_MVVM.framework; sourceTree = BUILT_PRODUCTS_DIR; };
		AF20B0581AF01BCB3A57EFF7 /* Pods-RxSwift+MVVM.release.xcconfig */ = {isa = PBXFileReference; includeInIndex = 1; lastKnownFileType = text.xcconfig; name = "Pods-RxSwift+MVVM.release.xcconfig"; path = "Pods/Target Support Files/Pods-RxSwift+MVVM/Pods-RxSwift+MVVM.release.xcconfig"; sourceTree = "<group>"; };
		E7DB0D339093EBE6E4240509 /* Pods-RxSwift+MVVM.debug.xcconfig */ = {isa = PBXFileReference; includeInIndex = 1; lastKnownFileType = text.xcconfig; name = "Pods-RxSwift+MVVM.debug.xcconfig"; path = "Pods/Target Support Files/Pods-RxSwift+MVVM/Pods-RxSwift+MVVM.debug.xcconfig"; sourceTree = "<group>"; };
/* End PBXFileReference section */

/* Begin PBXFrameworksBuildPhase section */
		224BBBF5210162EA006F981D /* Frameworks */ = {
			isa = PBXFrameworksBuildPhase;
			buildActionMask = 2147483647;
			files = (
				47723AB4742AD45308D975C3 /* Pods_RxSwift_MVVM.framework in Frameworks */,
			);
			runOnlyForDeploymentPostprocessing = 0;
		};
/* End PBXFrameworksBuildPhase section */

/* Begin PBXGroup section */
		224BBBEF210162EA006F981D = {
			isa = PBXGroup;
			children = (
				224BBBFA210162EA006F981D /* RxSwift+MVVM */,
				224BBBF9210162EA006F981D /* Products */,
				2DC8C1B22642E85FA5104133 /* Pods */,
				3230CEF4E9A207B68EBE1A82 /* Frameworks */,
			);
			sourceTree = "<group>";
		};
		224BBBF9210162EA006F981D /* Products */ = {
			isa = PBXGroup;
			children = (
				224BBBF8210162EA006F981D /* RxSwift+MVVM.app */,
			);
			name = Products;
			sourceTree = "<group>";
		};
		224BBBFA210162EA006F981D /* RxSwift+MVVM */ = {
			isa = PBXGroup;
			children = (
				224BBC1021016428006F981D /* Controllers */,
				224BBC0F21016420006F981D /* Models */,
				224BBC1121016433006F981D /* Supporting Files */,
				224BBC0E21016417006F981D /* ViewModels */,
				224BBC0D21016409006F981D /* Views */,
				224BBC07210162EB006F981D /* Info.plist */,
			);
			path = "RxSwift+MVVM";
			sourceTree = "<group>";
		};
		224BBC0D21016409006F981D /* Views */ = {
			isa = PBXGroup;
			children = (
				2296A35321018AD20022933C /* ArticleCell.swift */,
				224BBBFF210162EA006F981D /* Main.storyboard */,
			);
			path = Views;
			sourceTree = "<group>";
		};
		224BBC0E21016417006F981D /* ViewModels */ = {
			isa = PBXGroup;
			children = (
				224BBC1421017F40006F981D /* ArticlesViewModel.swift */,
			);
			path = ViewModels;
			sourceTree = "<group>";
		};
		224BBC0F21016420006F981D /* Models */ = {
			isa = PBXGroup;
			children = (
				224BBC1221017E21006F981D /* Article.swift */,
			);
			path = Models;
			sourceTree = "<group>";
		};
		224BBC1021016428006F981D /* Controllers */ = {
			isa = PBXGroup;
			children = (
				224BBBFD210162EA006F981D /* ArticlesViewController.swift */,
			);
			path = Controllers;
			sourceTree = "<group>";
		};
		224BBC1121016433006F981D /* Supporting Files */ = {
			isa = PBXGroup;
			children = (
				224BBBFB210162EA006F981D /* AppDelegate.swift */,
				224BBC02210162EB006F981D /* Assets.xcassets */,
				224BBC04210162EB006F981D /* LaunchScreen.storyboard */,
			);
			path = "Supporting Files";
			sourceTree = "<group>";
		};
		2DC8C1B22642E85FA5104133 /* Pods */ = {
			isa = PBXGroup;
			children = (
				E7DB0D339093EBE6E4240509 /* Pods-RxSwift+MVVM.debug.xcconfig */,
				AF20B0581AF01BCB3A57EFF7 /* Pods-RxSwift+MVVM.release.xcconfig */,
			);
			name = Pods;
			sourceTree = "<group>";
		};
		3230CEF4E9A207B68EBE1A82 /* Frameworks */ = {
			isa = PBXGroup;
			children = (
				8ADD2756F9F003C95E07ECAA /* Pods_RxSwift_MVVM.framework */,
			);
			name = Frameworks;
			sourceTree = "<group>";
		};
/* End PBXGroup section */

/* Begin PBXNativeTarget section */
		224BBBF7210162EA006F981D /* RxSwift+MVVM */ = {
			isa = PBXNativeTarget;
			buildConfigurationList = 224BBC0A210162EB006F981D /* Build configuration list for PBXNativeTarget "RxSwift+MVVM" */;
			buildPhases = (
				096505835F0F274447CA8442 /* [CP] Check Pods Manifest.lock */,
				224BBBF4210162EA006F981D /* Sources */,
				224BBBF5210162EA006F981D /* Frameworks */,
				224BBBF6210162EA006F981D /* Resources */,
				57F05021D685BBD7EF5A130D /* [CP] Embed Pods Frameworks */,
			);
			buildRules = (
			);
			dependencies = (
			);
			name = "RxSwift+MVVM";
			productName = "RxSwift+MVVM";
			productReference = 224BBBF8210162EA006F981D /* RxSwift+MVVM.app */;
			productType = "com.apple.product-type.application";
		};
/* End PBXNativeTarget section */

/* Begin PBXProject section */
		224BBBF0210162EA006F981D /* Project object */ = {
			isa = PBXProject;
			attributes = {
				LastSwiftUpdateCheck = 0940;
				LastUpgradeCheck = 0940;
				ORGANIZATIONNAME = Showpass;
				TargetAttributes = {
					224BBBF7210162EA006F981D = {
						CreatedOnToolsVersion = 9.4.1;
					};
				};
			};
			buildConfigurationList = 224BBBF3210162EA006F981D /* Build configuration list for PBXProject "RxSwift+MVVM" */;
			compatibilityVersion = "Xcode 9.3";
			developmentRegion = en;
			hasScannedForEncodings = 0;
			knownRegions = (
				en,
				Base,
			);
			mainGroup = 224BBBEF210162EA006F981D;
			productRefGroup = 224BBBF9210162EA006F981D /* Products */;
			projectDirPath = "";
			projectRoot = "";
			targets = (
				224BBBF7210162EA006F981D /* RxSwift+MVVM */,
			);
		};
/* End PBXProject section */

/* Begin PBXResourcesBuildPhase section */
		224BBBF6210162EA006F981D /* Resources */ = {
			isa = PBXResourcesBuildPhase;
			buildActionMask = 2147483647;
			files = (
				224BBC06210162EB006F981D /* LaunchScreen.storyboard in Resources */,
				224BBC03210162EB006F981D /* Assets.xcassets in Resources */,
				224BBC01210162EA006F981D /* Main.storyboard in Resources */,
			);
			runOnlyForDeploymentPostprocessing = 0;
		};
/* End PBXResourcesBuildPhase section */

/* Begin PBXShellScriptBuildPhase section */
		096505835F0F274447CA8442 /* [CP] Check Pods Manifest.lock */ = {
			isa = PBXShellScriptBuildPhase;
			buildActionMask = 2147483647;
			files = (
			);
			inputPaths = (
				"${PODS_PODFILE_DIR_PATH}/Podfile.lock",
				"${PODS_ROOT}/Manifest.lock",
			);
			name = "[CP] Check Pods Manifest.lock";
			outputPaths = (
				"$(DERIVED_FILE_DIR)/Pods-RxSwift+MVVM-checkManifestLockResult.txt",
			);
			runOnlyForDeploymentPostprocessing = 0;
			shellPath = /bin/sh;
			shellScript = "diff \"${PODS_PODFILE_DIR_PATH}/Podfile.lock\" \"${PODS_ROOT}/Manifest.lock\" > /dev/null\nif [ $? != 0 ] ; then\n    # print error to STDERR\n    echo \"error: The sandbox is not in sync with the Podfile.lock. Run 'pod install' or update your CocoaPods installation.\" >&2\n    exit 1\nfi\n# This output is used by Xcode 'outputs' to avoid re-running this script phase.\necho \"SUCCESS\" > \"${SCRIPT_OUTPUT_FILE_0}\"\n";
			showEnvVarsInLog = 0;
		};
		57F05021D685BBD7EF5A130D /* [CP] Embed Pods Frameworks */ = {
			isa = PBXShellScriptBuildPhase;
			buildActionMask = 2147483647;
			files = (
			);
			inputPaths = (
				"${SRCROOT}/Pods/Target Support Files/Pods-RxSwift+MVVM/Pods-RxSwift+MVVM-frameworks.sh",
				"${BUILT_PRODUCTS_DIR}/Alamofire/Alamofire.framework",
				"${BUILT_PRODUCTS_DIR}/RxCocoa/RxCocoa.framework",
				"${BUILT_PRODUCTS_DIR}/RxSwift/RxSwift.framework",
			);
			name = "[CP] Embed Pods Frameworks";
			outputPaths = (
				"${TARGET_BUILD_DIR}/${FRAMEWORKS_FOLDER_PATH}/Alamofire.framework",
				"${TARGET_BUILD_DIR}/${FRAMEWORKS_FOLDER_PATH}/RxCocoa.framework",
				"${TARGET_BUILD_DIR}/${FRAMEWORKS_FOLDER_PATH}/RxSwift.framework",
			);
			runOnlyForDeploymentPostprocessing = 0;
			shellPath = /bin/sh;
			shellScript = "\"${SRCROOT}/Pods/Target Support Files/Pods-RxSwift+MVVM/Pods-RxSwift+MVVM-frameworks.sh\"\n";
			showEnvVarsInLog = 0;
		};
/* End PBXShellScriptBuildPhase section */

/* Begin PBXSourcesBuildPhase section */
		224BBBF4210162EA006F981D /* Sources */ = {
			isa = PBXSourcesBuildPhase;
			buildActionMask = 2147483647;
			files = (
				224BBBFE210162EA006F981D /* ArticlesViewController.swift in Sources */,
				224BBC1521017F40006F981D /* ArticlesViewModel.swift in Sources */,
				224BBBFC210162EA006F981D /* AppDelegate.swift in Sources */,
				2296A35421018AD20022933C /* ArticleCell.swift in Sources */,
				224BBC1321017E21006F981D /* Article.swift in Sources */,
			);
			runOnlyForDeploymentPostprocessing = 0;
		};
/* End PBXSourcesBuildPhase section */

/* Begin PBXVariantGroup section */
		224BBBFF210162EA006F981D /* Main.storyboard */ = {
			isa = PBXVariantGroup;
			children = (
				224BBC00210162EA006F981D /* Base */,
			);
			name = Main.storyboard;
			sourceTree = "<group>";
		};
		224BBC04210162EB006F981D /* LaunchScreen.storyboard */ = {
			isa = PBXVariantGroup;
			children = (
				224BBC05210162EB006F981D /* Base */,
			);
			name = LaunchScreen.storyboard;
			sourceTree = "<group>";
		};
/* End PBXVariantGroup section */

/* Begin XCBuildConfiguration section */
		224BBC08210162EB006F981D /* Debug */ = {
			isa = XCBuildConfiguration;
			buildSettings = {
				ALWAYS_SEARCH_USER_PATHS = NO;
				CLANG_ANALYZER_NONNULL = YES;
				CLANG_ANALYZER_NUMBER_OBJECT_CONVERSION = YES_AGGRESSIVE;
				CLANG_CXX_LANGUAGE_STANDARD = "gnu++14";
				CLANG_CXX_LIBRARY = "libc++";
				CLANG_ENABLE_MODULES = YES;
				CLANG_ENABLE_OBJC_ARC = YES;
				CLANG_ENABLE_OBJC_WEAK = YES;
				CLANG_WARN_BLOCK_CAPTURE_AUTORELEASING = YES;
				CLANG_WARN_BOOL_CONVERSION = YES;
				CLANG_WARN_COMMA = YES;
				CLANG_WARN_CONSTANT_CONVERSION = YES;
				CLANG_WARN_DEPRECATED_OBJC_IMPLEMENTATIONS = YES;
				CLANG_WARN_DIRECT_OBJC_ISA_USAGE = YES_ERROR;
				CLANG_WARN_DOCUMENTATION_COMMENTS = YES;
				CLANG_WARN_EMPTY_BODY = YES;
				CLANG_WARN_ENUM_CONVERSION = YES;
				CLANG_WARN_INFINITE_RECURSION = YES;
				CLANG_WARN_INT_CONVERSION = YES;
				CLANG_WARN_NON_LITERAL_NULL_CONVERSION = YES;
				CLANG_WARN_OBJC_IMPLICIT_RETAIN_SELF = YES;
				CLANG_WARN_OBJC_LITERAL_CONVERSION = YES;
				CLANG_WARN_OBJC_ROOT_CLASS = YES_ERROR;
				CLANG_WARN_RANGE_LOOP_ANALYSIS = YES;
				CLANG_WARN_STRICT_PROTOTYPES = YES;
				CLANG_WARN_SUSPICIOUS_MOVE = YES;
				CLANG_WARN_UNGUARDED_AVAILABILITY = YES_AGGRESSIVE;
				CLANG_WARN_UNREACHABLE_CODE = YES;
				CLANG_WARN__DUPLICATE_METHOD_MATCH = YES;
				CODE_SIGN_IDENTITY = "iPhone Developer";
				COPY_PHASE_STRIP = NO;
				DEBUG_INFORMATION_FORMAT = dwarf;
				ENABLE_STRICT_OBJC_MSGSEND = YES;
				ENABLE_TESTABILITY = YES;
				GCC_C_LANGUAGE_STANDARD = gnu11;
				GCC_DYNAMIC_NO_PIC = NO;
				GCC_NO_COMMON_BLOCKS = YES;
				GCC_OPTIMIZATION_LEVEL = 0;
				GCC_PREPROCESSOR_DEFINITIONS = (
					"DEBUG=1",
					"$(inherited)",
				);
				GCC_WARN_64_TO_32_BIT_CONVERSION = YES;
				GCC_WARN_ABOUT_RETURN_TYPE = YES_ERROR;
				GCC_WARN_UNDECLARED_SELECTOR = YES;
				GCC_WARN_UNINITIALIZED_AUTOS = YES_AGGRESSIVE;
				GCC_WARN_UNUSED_FUNCTION = YES;
				GCC_WARN_UNUSED_VARIABLE = YES;
				IPHONEOS_DEPLOYMENT_TARGET = 11.4;
				MTL_ENABLE_DEBUG_INFO = YES;
				ONLY_ACTIVE_ARCH = YES;
				SDKROOT = iphoneos;
				SWIFT_ACTIVE_COMPILATION_CONDITIONS = DEBUG;
				SWIFT_OPTIMIZATION_LEVEL = "-Onone";
			};
			name = Debug;
		};
		224BBC09210162EB006F981D /* Release */ = {
			isa = XCBuildConfiguration;
			buildSettings = {
				ALWAYS_SEARCH_USER_PATHS = NO;
				CLANG_ANALYZER_NONNULL = YES;
				CLANG_ANALYZER_NUMBER_OBJECT_CONVERSION = YES_AGGRESSIVE;
				CLANG_CXX_LANGUAGE_STANDARD = "gnu++14";
				CLANG_CXX_LIBRARY = "libc++";
				CLANG_ENABLE_MODULES = YES;
				CLANG_ENABLE_OBJC_ARC = YES;
				CLANG_ENABLE_OBJC_WEAK = YES;
				CLANG_WARN_BLOCK_CAPTURE_AUTORELEASING = YES;
				CLANG_WARN_BOOL_CONVERSION = YES;
				CLANG_WARN_COMMA = YES;
				CLANG_WARN_CONSTANT_CONVERSION = YES;
				CLANG_WARN_DEPRECATED_OBJC_IMPLEMENTATIONS = YES;
				CLANG_WARN_DIRECT_OBJC_ISA_USAGE = YES_ERROR;
				CLANG_WARN_DOCUMENTATION_COMMENTS = YES;
				CLANG_WARN_EMPTY_BODY = YES;
				CLANG_WARN_ENUM_CONVERSION = YES;
				CLANG_WARN_INFINITE_RECURSION = YES;
				CLANG_WARN_INT_CONVERSION = YES;
				CLANG_WARN_NON_LITERAL_NULL_CONVERSION = YES;
				CLANG_WARN_OBJC_IMPLICIT_RETAIN_SELF = YES;
				CLANG_WARN_OBJC_LITERAL_CONVERSION = YES;
				CLANG_WARN_OBJC_ROOT_CLASS = YES_ERROR;
				CLANG_WARN_RANGE_LOOP_ANALYSIS = YES;
				CLANG_WARN_STRICT_PROTOTYPES = YES;
				CLANG_WARN_SUSPICIOUS_MOVE = YES;
				CLANG_WARN_UNGUARDED_AVAILABILITY = YES_AGGRESSIVE;
				CLANG_WARN_UNREACHABLE_CODE = YES;
				CLANG_WARN__DUPLICATE_METHOD_MATCH = YES;
				CODE_SIGN_IDENTITY = "iPhone Developer";
				COPY_PHASE_STRIP = NO;
				DEBUG_INFORMATION_FORMAT = "dwarf-with-dsym";
				ENABLE_NS_ASSERTIONS = NO;
				ENABLE_STRICT_OBJC_MSGSEND = YES;
				GCC_C_LANGUAGE_STANDARD = gnu11;
				GCC_NO_COMMON_BLOCKS = YES;
				GCC_WARN_64_TO_32_BIT_CONVERSION = YES;
				GCC_WARN_ABOUT_RETURN_TYPE = YES_ERROR;
				GCC_WARN_UNDECLARED_SELECTOR = YES;
				GCC_WARN_UNINITIALIZED_AUTOS = YES_AGGRESSIVE;
				GCC_WARN_UNUSED_FUNCTION = YES;
				GCC_WARN_UNUSED_VARIABLE = YES;
				IPHONEOS_DEPLOYMENT_TARGET = 11.4;
				MTL_ENABLE_DEBUG_INFO = NO;
				SDKROOT = iphoneos;
				SWIFT_COMPILATION_MODE = wholemodule;
				SWIFT_OPTIMIZATION_LEVEL = "-O";
				VALIDATE_PRODUCT = YES;
			};
			name = Release;
		};
		224BBC0B210162EB006F981D /* Debug */ = {
			isa = XCBuildConfiguration;
			baseConfigurationReference = E7DB0D339093EBE6E4240509 /* Pods-RxSwift+MVVM.debug.xcconfig */;
			buildSettings = {
				ASSETCATALOG_COMPILER_APPICON_NAME = AppIcon;
				CODE_SIGN_STYLE = Automatic;
				DEVELOPMENT_TEAM = CXUC5H2CR4;
				INFOPLIST_FILE = "RxSwift+MVVM/Info.plist";
				LD_RUNPATH_SEARCH_PATHS = (
					"$(inherited)",
					"@executable_path/Frameworks",
				);
				PRODUCT_BUNDLE_IDENTIFIER = "com.myshowpass.RxSwift-MVVM";
				PRODUCT_NAME = "$(TARGET_NAME)";
				SWIFT_VERSION = 4.0;
				TARGETED_DEVICE_FAMILY = "1,2";
			};
			name = Debug;
		};
		224BBC0C210162EB006F981D /* Release */ = {
			isa = XCBuildConfiguration;
			baseConfigurationReference = AF20B0581AF01BCB3A57EFF7 /* Pods-RxSwift+MVVM.release.xcconfig */;
			buildSettings = {
				ASSETCATALOG_COMPILER_APPICON_NAME = AppIcon;
				CODE_SIGN_STYLE = Automatic;
				DEVELOPMENT_TEAM = CXUC5H2CR4;
				INFOPLIST_FILE = "RxSwift+MVVM/Info.plist";
				LD_RUNPATH_SEARCH_PATHS = (
					"$(inherited)",
					"@executable_path/Frameworks",
				);
				PRODUCT_BUNDLE_IDENTIFIER = "com.myshowpass.RxSwift-MVVM";
				PRODUCT_NAME = "$(TARGET_NAME)";
				SWIFT_VERSION = 4.0;
				TARGETED_DEVICE_FAMILY = "1,2";
			};
			name = Release;
		};
/* End XCBuildConfiguration section */

/* Begin XCConfigurationList section */
		224BBBF3210162EA006F981D /* Build configuration list for PBXProject "RxSwift+MVVM" */ = {
			isa = XCConfigurationList;
			buildConfigurations = (
				224BBC08210162EB006F981D /* Debug */,
				224BBC09210162EB006F981D /* Release */,
			);
			defaultConfigurationIsVisible = 0;
			defaultConfigurationName = Release;
		};
		224BBC0A210162EB006F981D /* Build configuration list for PBXNativeTarget "RxSwift+MVVM" */ = {
			isa = XCConfigurationList;
			buildConfigurations = (
				224BBC0B210162EB006F981D /* Debug */,
				224BBC0C210162EB006F981D /* Release */,
			);
			defaultConfigurationIsVisible = 0;
			defaultConfigurationName = Release;
		};
/* End XCConfigurationList section */
	};
	rootObject = 224BBBF0210162EA006F981D /* Project object */;
}
